// !$*UTF8*$!
{
	archiveVersion = 1;
	classes = {
	};
	objectVersion = 48;
	objects = {

/* Begin PBXBuildFile section */
		2632B08120A1D64E0003E616 /* SettingsViewController.swift in Sources */ = {isa = PBXBuildFile; fileRef = 2632B08020A1D64E0003E616 /* SettingsViewController.swift */; };
		2656AA26209B668F006B4395 /* AppDelegate.swift in Sources */ = {isa = PBXBuildFile; fileRef = 2656AA25209B668F006B4395 /* AppDelegate.swift */; };
		2656AA28209B668F006B4395 /* ViewController.swift in Sources */ = {isa = PBXBuildFile; fileRef = 2656AA27209B668F006B4395 /* ViewController.swift */; };
		2656AA2B209B668F006B4395 /* Main.storyboard in Resources */ = {isa = PBXBuildFile; fileRef = 2656AA29209B668F006B4395 /* Main.storyboard */; };
		2656AA2D209B668F006B4395 /* Assets.xcassets in Resources */ = {isa = PBXBuildFile; fileRef = 2656AA2C209B668F006B4395 /* Assets.xcassets */; };
		2656AA30209B668F006B4395 /* LaunchScreen.storyboard in Resources */ = {isa = PBXBuildFile; fileRef = 2656AA2E209B668F006B4395 /* LaunchScreen.storyboard */; };
		2656AA38209B785B006B4395 /* Default-568h@2x.png in Resources */ = {isa = PBXBuildFile; fileRef = 2656AA37209B785B006B4395 /* Default-568h@2x.png */; };
/* End PBXBuildFile section */

/* Begin PBXFileReference section */
		2632B08020A1D64E0003E616 /* SettingsViewController.swift */ = {isa = PBXFileReference; lastKnownFileType = sourcecode.swift; path = SettingsViewController.swift; sourceTree = "<group>"; };
		2656AA22209B668F006B4395 /* Rap Bot.app */ = {isa = PBXFileReference; explicitFileType = wrapper.application; includeInIndex = 0; path = "Rap Bot.app"; sourceTree = BUILT_PRODUCTS_DIR; };
		2656AA25209B668F006B4395 /* AppDelegate.swift */ = {isa = PBXFileReference; lastKnownFileType = sourcecode.swift; path = AppDelegate.swift; sourceTree = "<group>"; };
		2656AA27209B668F006B4395 /* ViewController.swift */ = {isa = PBXFileReference; lastKnownFileType = sourcecode.swift; path = ViewController.swift; sourceTree = "<group>"; };
		2656AA2A209B668F006B4395 /* Base */ = {isa = PBXFileReference; lastKnownFileType = file.storyboard; name = Base; path = Base.lproj/Main.storyboard; sourceTree = "<group>"; };
		2656AA2C209B668F006B4395 /* Assets.xcassets */ = {isa = PBXFileReference; lastKnownFileType = folder.assetcatalog; path = Assets.xcassets; sourceTree = "<group>"; };
		2656AA2F209B668F006B4395 /* Base */ = {isa = PBXFileReference; lastKnownFileType = file.storyboard; name = Base; path = Base.lproj/LaunchScreen.storyboard; sourceTree = "<group>"; };
		2656AA31209B668F006B4395 /* Info.plist */ = {isa = PBXFileReference; lastKnownFileType = text.plist.xml; path = Info.plist; sourceTree = "<group>"; };
		2656AA37209B785B006B4395 /* Default-568h@2x.png */ = {isa = PBXFileReference; lastKnownFileType = image.png; path = "Default-568h@2x.png"; sourceTree = "<group>"; };
/* End PBXFileReference section */

/* Begin PBXFrameworksBuildPhase section */
		2656AA1F209B668F006B4395 /* Frameworks */ = {
			isa = PBXFrameworksBuildPhase;
			buildActionMask = 2147483647;
			files = (
			);
			runOnlyForDeploymentPostprocessing = 0;
		};
/* End PBXFrameworksBuildPhase section */

/* Begin PBXGroup section */
		2656AA19209B668F006B4395 = {
			isa = PBXGroup;
			children = (
				2656AA37209B785B006B4395 /* Default-568h@2x.png */,
				2656AA24209B668F006B4395 /* Rap Bot */,
				2656AA23209B668F006B4395 /* Products */,
			);
			sourceTree = "<group>";
		};
		2656AA23209B668F006B4395 /* Products */ = {
			isa = PBXGroup;
			children = (
				2656AA22209B668F006B4395 /* Rap Bot.app */,
			);
			name = Products;
			sourceTree = "<group>";
		};
		2656AA24209B668F006B4395 /* Rap Bot */ = {
			isa = PBXGroup;
			children = (
				2656AA25209B668F006B4395 /* AppDelegate.swift */,
				2656AA27209B668F006B4395 /* ViewController.swift */,
				2632B08020A1D64E0003E616 /* SettingsViewController.swift */,
				2656AA29209B668F006B4395 /* Main.storyboard */,
				2656AA2C209B668F006B4395 /* Assets.xcassets */,
				2656AA2E209B668F006B4395 /* LaunchScreen.storyboard */,
				2656AA31209B668F006B4395 /* Info.plist */,
			);
			path = "Rap Bot";
			sourceTree = "<group>";
		};
/* End PBXGroup section */

/* Begin PBXNativeTarget section */
		2656AA21209B668F006B4395 /* Rap Bot */ = {
			isa = PBXNativeTarget;
			buildConfigurationList = 2656AA34209B668F006B4395 /* Build configuration list for PBXNativeTarget "Rap Bot" */;
			buildPhases = (
				2656AA1E209B668F006B4395 /* Sources */,
				2656AA1F209B668F006B4395 /* Frameworks */,
				2656AA20209B668F006B4395 /* Resources */,
			);
			buildRules = (
			);
			dependencies = (
			);
			name = "Rap Bot";
			productName = "Rap Bot";
			productReference = 2656AA22209B668F006B4395 /* Rap Bot.app */;
			productType = "com.apple.product-type.application";
		};
/* End PBXNativeTarget section */

/* Begin PBXProject section */
		2656AA1A209B668F006B4395 /* Project object */ = {
			isa = PBXProject;
			attributes = {
				LastSwiftUpdateCheck = 0920;
				LastUpgradeCheck = 0920;
				ORGANIZATIONNAME = "Darius Shaoul";
				TargetAttributes = {
					2656AA21209B668F006B4395 = {
						CreatedOnToolsVersion = 9.2;
						ProvisioningStyle = Automatic;
					};
				};
			};
			buildConfigurationList = 2656AA1D209B668F006B4395 /* Build configuration list for PBXProject "Rap Bot" */;
			compatibilityVersion = "Xcode 8.0";
			developmentRegion = en;
			hasScannedForEncodings = 0;
			knownRegions = (
				en,
				Base,
			);
			mainGroup = 2656AA19209B668F006B4395;
			productRefGroup = 2656AA23209B668F006B4395 /* Products */;
			projectDirPath = "";
			projectRoot = "";
			targets = (
				2656AA21209B668F006B4395 /* Rap Bot */,
			);
		};
/* End PBXProject section */

/* Begin PBXResourcesBuildPhase section */
		2656AA20209B668F006B4395 /* Resources */ = {
			isa = PBXResourcesBuildPhase;
			buildActionMask = 2147483647;
			files = (
				2656AA30209B668F006B4395 /* LaunchScreen.storyboard in Resources */,
				2656AA38209B785B006B4395 /* Default-568h@2x.png in Resources */,
				2656AA2D209B668F006B4395 /* Assets.xcassets in Resources */,
				2656AA2B209B668F006B4395 /* Main.storyboard in Resources */,
			);
			runOnlyForDeploymentPostprocessing = 0;
		};
/* End PBXResourcesBuildPhase section */

/* Begin PBXSourcesBuildPhase section */
		2656AA1E209B668F006B4395 /* Sources */ = {
			isa = PBXSourcesBuildPhase;
			buildActionMask = 2147483647;
			files = (
				2632B08120A1D64E0003E616 /* SettingsViewController.swift in Sources */,
				2656AA28209B668F006B4395 /* ViewController.swift in Sources */,
				2656AA26209B668F006B4395 /* AppDelegate.swift in Sources */,
			);
			runOnlyForDeploymentPostprocessing = 0;
		};
/* End PBXSourcesBuildPhase section */

/* Begin PBXVariantGroup section */
		2656AA29209B668F006B4395 /* Main.storyboard */ = {
			isa = PBXVariantGroup;
			children = (
				2656AA2A209B668F006B4395 /* Base */,
			);
			name = Main.storyboard;
			sourceTree = "<group>";
		};
		2656AA2E209B668F006B4395 /* LaunchScreen.storyboard */ = {
			isa = PBXVariantGroup;
			children = (
				2656AA2F209B668F006B4395 /* Base */,
			);
			name = LaunchScreen.storyboard;
			sourceTree = "<group>";
		};
/* End PBXVariantGroup section */

/* Begin XCBuildConfiguration section */
		2656AA32209B668F006B4395 /* Debug */ = {
			isa = XCBuildConfiguration;
			buildSettings = {
				ALWAYS_SEARCH_USER_PATHS = NO;
				CLANG_ANALYZER_NONNULL = YES;
				CLANG_ANALYZER_NUMBER_OBJECT_CONVERSION = YES_AGGRESSIVE;
				CLANG_CXX_LANGUAGE_STANDARD = "gnu++14";
				CLANG_CXX_LIBRARY = "libc++";
				CLANG_ENABLE_MODULES = YES;
				CLANG_ENABLE_OBJC_ARC = YES;
				CLANG_WARN_BLOCK_CAPTURE_AUTORELEASING = YES;
				CLANG_WARN_BOOL_CONVERSION = YES;
				CLANG_WARN_COMMA = YES;
				CLANG_WARN_CONSTANT_CONVERSION = YES;
				CLANG_WARN_DIRECT_OBJC_ISA_USAGE = YES_ERROR;
				CLANG_WARN_DOCUMENTATION_COMMENTS = YES;
				CLANG_WARN_EMPTY_BODY = YES;
				CLANG_WARN_ENUM_CONVERSION = YES;
				CLANG_WARN_INFINITE_RECURSION = YES;
				CLANG_WARN_INT_CONVERSION = YES;
				CLANG_WARN_NON_LITERAL_NULL_CONVERSION = YES;
				CLANG_WARN_OBJC_LITERAL_CONVERSION = YES;
				CLANG_WARN_OBJC_ROOT_CLASS = YES_ERROR;
				CLANG_WARN_RANGE_LOOP_ANALYSIS = YES;
				CLANG_WARN_STRICT_PROTOTYPES = YES;
				CLANG_WARN_SUSPICIOUS_MOVE = YES;
				CLANG_WARN_UNGUARDED_AVAILABILITY = YES_AGGRESSIVE;
				CLANG_WARN_UNREACHABLE_CODE = YES;
				CLANG_WARN__DUPLICATE_METHOD_MATCH = YES;
				CODE_SIGN_IDENTITY = "iPhone Developer";
				COPY_PHASE_STRIP = NO;
				DEBUG_INFORMATION_FORMAT = dwarf;
				ENABLE_STRICT_OBJC_MSGSEND = YES;
				ENABLE_TESTABILITY = YES;
				GCC_C_LANGUAGE_STANDARD = gnu11;
				GCC_DYNAMIC_NO_PIC = NO;
				GCC_NO_COMMON_BLOCKS = YES;
				GCC_OPTIMIZATION_LEVEL = 0;
				GCC_PREPROCESSOR_DEFINITIONS = (
					"DEBUG=1",
					"$(inherited)",
				);
				GCC_WARN_64_TO_32_BIT_CONVERSION = YES;
				GCC_WARN_ABOUT_RETURN_TYPE = YES_ERROR;
				GCC_WARN_UNDECLARED_SELECTOR = YES;
				GCC_WARN_UNINITIALIZED_AUTOS = YES_AGGRESSIVE;
				GCC_WARN_UNUSED_FUNCTION = YES;
				GCC_WARN_UNUSED_VARIABLE = YES;
				IPHONEOS_DEPLOYMENT_TARGET = 11.2;
				MTL_ENABLE_DEBUG_INFO = YES;
				ONLY_ACTIVE_ARCH = YES;
				SDKROOT = iphoneos;
				SWIFT_ACTIVE_COMPILATION_CONDITIONS = DEBUG;
				SWIFT_OPTIMIZATION_LEVEL = "-Onone";
			};
			name = Debug;
		};
		2656AA33209B668F006B4395 /* Release */ = {
			isa = XCBuildConfiguration;
			buildSettings = {
				ALWAYS_SEARCH_USER_PATHS = NO;
				CLANG_ANALYZER_NONNULL = YES;
				CLANG_ANALYZER_NUMBER_OBJECT_CONVERSION = YES_AGGRESSIVE;
				CLANG_CXX_LANGUAGE_STANDARD = "gnu++14";
				CLANG_CXX_LIBRARY = "libc++";
				CLANG_ENABLE_MODULES = YES;
				CLANG_ENABLE_OBJC_ARC = YES;
				CLANG_WARN_BLOCK_CAPTURE_AUTORELEASING = YES;
				CLANG_WARN_BOOL_CONVERSION = YES;
				CLANG_WARN_COMMA = YES;
				CLANG_WARN_CONSTANT_CONVERSION = YES;
				CLANG_WARN_DIRECT_OBJC_ISA_USAGE = YES_ERROR;
				CLANG_WARN_DOCUMENTATION_COMMENTS = YES;
				CLANG_WARN_EMPTY_BODY = YES;
				CLANG_WARN_ENUM_CONVERSION = YES;
				CLANG_WARN_INFINITE_RECURSION = YES;
				CLANG_WARN_INT_CONVERSION = YES;
				CLANG_WARN_NON_LITERAL_NULL_CONVERSION = YES;
				CLANG_WARN_OBJC_LITERAL_CONVERSION = YES;
				CLANG_WARN_OBJC_ROOT_CLASS = YES_ERROR;
				CLANG_WARN_RANGE_LOOP_ANALYSIS = YES;
				CLANG_WARN_STRICT_PROTOTYPES = YES;
				CLANG_WARN_SUSPICIOUS_MOVE = YES;
				CLANG_WARN_UNGUARDED_AVAILABILITY = YES_AGGRESSIVE;
				CLANG_WARN_UNREACHABLE_CODE = YES;
				CLANG_WARN__DUPLICATE_METHOD_MATCH = YES;
				CODE_SIGN_IDENTITY = "iPhone Developer";
				COPY_PHASE_STRIP = NO;
				DEBUG_INFORMATION_FORMAT = "dwarf-with-dsym";
				ENABLE_NS_ASSERTIONS = NO;
				ENABLE_STRICT_OBJC_MSGSEND = YES;
				GCC_C_LANGUAGE_STANDARD = gnu11;
				GCC_NO_COMMON_BLOCKS = YES;
				GCC_WARN_64_TO_32_BIT_CONVERSION = YES;
				GCC_WARN_ABOUT_RETURN_TYPE = YES_ERROR;
				GCC_WARN_UNDECLARED_SELECTOR = YES;
				GCC_WARN_UNINITIALIZED_AUTOS = YES_AGGRESSIVE;
				GCC_WARN_UNUSED_FUNCTION = YES;
				GCC_WARN_UNUSED_VARIABLE = YES;
				IPHONEOS_DEPLOYMENT_TARGET = 11.2;
				MTL_ENABLE_DEBUG_INFO = NO;
				SDKROOT = iphoneos;
				SWIFT_OPTIMIZATION_LEVEL = "-Owholemodule";
				VALIDATE_PRODUCT = YES;
			};
			name = Release;
		};
		2656AA35209B668F006B4395 /* Debug */ = {
			isa = XCBuildConfiguration;
			buildSettings = {
				ASSETCATALOG_COMPILER_APPICON_NAME = AppIcon;
				CODE_SIGN_STYLE = Automatic;
				INFOPLIST_FILE = "Rap Bot/Info.plist";
				LD_RUNPATH_SEARCH_PATHS = "$(inherited) @executable_path/Frameworks";
				PRODUCT_BUNDLE_IDENTIFIER = "DDS.Rap-Bot";
				PRODUCT_NAME = "$(TARGET_NAME)";
				SWIFT_VERSION = 4.0;
				TARGETED_DEVICE_FAMILY = "1,2";
			};
			name = Debug;
		};
		2656AA36209B668F006B4395 /* Release */ = {
			isa = XCBuildConfiguration;
			buildSettings = {
				ASSETCATALOG_COMPILER_APPICON_NAME = AppIcon;
				CODE_SIGN_STYLE = Automatic;
				INFOPLIST_FILE = "Rap Bot/Info.plist";
				LD_RUNPATH_SEARCH_PATHS = "$(inherited) @executable_path/Frameworks";
				PRODUCT_BUNDLE_IDENTIFIER = "DDS.Rap-Bot";
				PRODUCT_NAME = "$(TARGET_NAME)";
				SWIFT_VERSION = 4.0;
				TARGETED_DEVICE_FAMILY = "1,2";
			};
			name = Release;
		};
/* End XCBuildConfiguration section */

/* Begin XCConfigurationList section */
		2656AA1D209B668F006B4395 /* Build configuration list for PBXProject "Rap Bot" */ = {
			isa = XCConfigurationList;
			buildConfigurations = (
				2656AA32209B668F006B4395 /* Debug */,
				2656AA33209B668F006B4395 /* Release */,
			);
			defaultConfigurationIsVisible = 0;
			defaultConfigurationName = Release;
		};
		2656AA34209B668F006B4395 /* Build configuration list for PBXNativeTarget "Rap Bot" */ = {
			isa = XCConfigurationList;
			buildConfigurations = (
				2656AA35209B668F006B4395 /* Debug */,
				2656AA36209B668F006B4395 /* Release */,
			);
			defaultConfigurationIsVisible = 0;
			defaultConfigurationName = Release;
		};
/* End XCConfigurationList section */
	};
	rootObject = 2656AA1A209B668F006B4395 /* Project object */;
}
